// !$*UTF8*$!
{
	archiveVersion = 1;
	classes = {
	};
	objectVersion = 46;
	objects = {

/* Begin PBXBuildFile section */
		A62FAC861F6BFACF0076040C /* Launch Screen.storyboard in Resources */ = {isa = PBXBuildFile; fileRef = A62FAC851F6BFACF0076040C /* Launch Screen.storyboard */; };
		A64B48DE1AD2E4F10053D488 /* ViewControllerThree.m in Sources */ = {isa = PBXBuildFile; fileRef = A64B48DD1AD2E4F10053D488 /* ViewControllerThree.m */; };
		A6601EB11F8E877300258BA5 /* CarbonKit.framework in Frameworks */ = {isa = PBXBuildFile; fileRef = A6AC90A21F87957E00F1736A /* CarbonKit.framework */; };
		A6601EB21F8E877300258BA5 /* CarbonKit.framework in Embed Frameworks */ = {isa = PBXBuildFile; fileRef = A6AC90A21F87957E00F1736A /* CarbonKit.framework */; settings = {ATTRIBUTES = (CodeSignOnCopy, RemoveHeadersOnCopy, ); }; };
		A69E9F671AC0AAD6001FEAC1 /* AppDelegate.m in Sources */ = {isa = PBXBuildFile; fileRef = A69E9F5F1AC0AAD6001FEAC1 /* AppDelegate.m */; };
		A69E9F681AC0AAD6001FEAC1 /* ViewControllerOne.m in Sources */ = {isa = PBXBuildFile; fileRef = A69E9F611AC0AAD6001FEAC1 /* ViewControllerOne.m */; };
		A69E9F691AC0AAD6001FEAC1 /* main.m in Sources */ = {isa = PBXBuildFile; fileRef = A69E9F621AC0AAD6001FEAC1 /* main.m */; };
		A69E9F6A1AC0AAD6001FEAC1 /* ViewControllerTwo.m in Sources */ = {isa = PBXBuildFile; fileRef = A69E9F641AC0AAD6001FEAC1 /* ViewControllerTwo.m */; };
		A69E9F6B1AC0AAD6001FEAC1 /* HomeViewController.m in Sources */ = {isa = PBXBuildFile; fileRef = A69E9F661AC0AAD6001FEAC1 /* HomeViewController.m */; };
		A69E9F6F1AC0AAEA001FEAC1 /* Images.xcassets in Resources */ = {isa = PBXBuildFile; fileRef = A69E9F6E1AC0AAEA001FEAC1 /* Images.xcassets */; };
		A69E9F841AC0AD21001FEAC1 /* Example.storyboard in Resources */ = {isa = PBXBuildFile; fileRef = A69E9F731AC0AAF5001FEAC1 /* Example.storyboard */; };
/* End PBXBuildFile section */

/* Begin PBXContainerItemProxy section */
		A6601EB31F8E877300258BA5 /* PBXContainerItemProxy */ = {
			isa = PBXContainerItemProxy;
			containerPortal = A6DA8C141DB004D700F7B13B /* CarbonKit.xcodeproj */;
			proxyType = 1;
			remoteGlobalIDString = A6DA8BD31DAFE75B00F7B13B;
			remoteInfo = CarbonKit;
		};
		A6AC90A11F87957E00F1736A /* PBXContainerItemProxy */ = {
			isa = PBXContainerItemProxy;
			containerPortal = A6DA8C141DB004D700F7B13B /* CarbonKit.xcodeproj */;
			proxyType = 2;
			remoteGlobalIDString = A6DA8BD41DAFE75B00F7B13B;
			remoteInfo = CarbonKit;
		};
		A6AC90A31F87957E00F1736A /* PBXContainerItemProxy */ = {
			isa = PBXContainerItemProxy;
			containerPortal = A6DA8C141DB004D700F7B13B /* CarbonKit.xcodeproj */;
			proxyType = 2;
			remoteGlobalIDString = A6DA8BDE1DAFE75B00F7B13B;
			remoteInfo = CarbonKitTests;
		};
/* End PBXContainerItemProxy section */

/* Begin PBXCopyFilesBuildPhase section */
		A6DA8C0E1DAFF89E00F7B13B /* Embed Frameworks */ = {
			isa = PBXCopyFilesBuildPhase;
			buildActionMask = 2147483647;
			dstPath = "";
			dstSubfolderSpec = 10;
			files = (
				A6601EB21F8E877300258BA5 /* CarbonKit.framework in Embed Frameworks */,
			);
			name = "Embed Frameworks";
			runOnlyForDeploymentPostprocessing = 0;
		};
/* End PBXCopyFilesBuildPhase section */

/* Begin PBXFileReference section */
		A60473681A87AFCA00FCE808 /* CarbonKitExample.app */ = {isa = PBXFileReference; explicitFileType = wrapper.application; includeInIndex = 0; path = CarbonKitExample.app; sourceTree = BUILT_PRODUCTS_DIR; };
		A62FAC851F6BFACF0076040C /* Launch Screen.storyboard */ = {isa = PBXFileReference; lastKnownFileType = file.storyboard; path = "Launch Screen.storyboard"; sourceTree = "<group>"; };
		A64B48DC1AD2E4F10053D488 /* ViewControllerThree.h */ = {isa = PBXFileReference; fileEncoding = 4; lastKnownFileType = sourcecode.c.h; name = ViewControllerThree.h; path = CarbonKitExamples/ViewControllerThree.h; sourceTree = SOURCE_ROOT; };
		A64B48DD1AD2E4F10053D488 /* ViewControllerThree.m */ = {isa = PBXFileReference; fileEncoding = 4; lastKnownFileType = sourcecode.c.objc; name = ViewControllerThree.m; path = CarbonKitExamples/ViewControllerThree.m; sourceTree = SOURCE_ROOT; };
		A69E9F5E1AC0AAD6001FEAC1 /* AppDelegate.h */ = {isa = PBXFileReference; fileEncoding = 4; lastKnownFileType = sourcecode.c.h; name = AppDelegate.h; path = CarbonKitExamples/AppDelegate.h; sourceTree = SOURCE_ROOT; };
		A69E9F5F1AC0AAD6001FEAC1 /* AppDelegate.m */ = {isa = PBXFileReference; fileEncoding = 4; lastKnownFileType = sourcecode.c.objc; name = AppDelegate.m; path = CarbonKitExamples/AppDelegate.m; sourceTree = SOURCE_ROOT; };
		A69E9F601AC0AAD6001FEAC1 /* ViewControllerOne.h */ = {isa = PBXFileReference; fileEncoding = 4; lastKnownFileType = sourcecode.c.h; name = ViewControllerOne.h; path = CarbonKitExamples/ViewControllerOne.h; sourceTree = SOURCE_ROOT; };
		A69E9F611AC0AAD6001FEAC1 /* ViewControllerOne.m */ = {isa = PBXFileReference; fileEncoding = 4; lastKnownFileType = sourcecode.c.objc; name = ViewControllerOne.m; path = CarbonKitExamples/ViewControllerOne.m; sourceTree = SOURCE_ROOT; };
		A69E9F621AC0AAD6001FEAC1 /* main.m */ = {isa = PBXFileReference; fileEncoding = 4; lastKnownFileType = sourcecode.c.objc; name = main.m; path = CarbonKitExamples/main.m; sourceTree = SOURCE_ROOT; };
		A69E9F631AC0AAD6001FEAC1 /* ViewControllerTwo.h */ = {isa = PBXFileReference; fileEncoding = 4; lastKnownFileType = sourcecode.c.h; name = ViewControllerTwo.h; path = CarbonKitExamples/ViewControllerTwo.h; sourceTree = SOURCE_ROOT; };
		A69E9F641AC0AAD6001FEAC1 /* ViewControllerTwo.m */ = {isa = PBXFileReference; fileEncoding = 4; lastKnownFileType = sourcecode.c.objc; name = ViewControllerTwo.m; path = CarbonKitExamples/ViewControllerTwo.m; sourceTree = SOURCE_ROOT; };
		A69E9F651AC0AAD6001FEAC1 /* HomeViewController.h */ = {isa = PBXFileReference; fileEncoding = 4; lastKnownFileType = sourcecode.c.h; name = HomeViewController.h; path = CarbonKitExamples/HomeViewController.h; sourceTree = SOURCE_ROOT; };
		A69E9F661AC0AAD6001FEAC1 /* HomeViewController.m */ = {isa = PBXFileReference; fileEncoding = 4; lastKnownFileType = sourcecode.c.objc; name = HomeViewController.m; path = CarbonKitExamples/HomeViewController.m; sourceTree = SOURCE_ROOT; wrapsLines = 1; };
		A69E9F6C1AC0AAE3001FEAC1 /* Info.plist */ = {isa = PBXFileReference; fileEncoding = 4; lastKnownFileType = text.plist.xml; name = Info.plist; path = CarbonKitExamples/Info.plist; sourceTree = SOURCE_ROOT; };
		A69E9F6E1AC0AAEA001FEAC1 /* Images.xcassets */ = {isa = PBXFileReference; lastKnownFileType = folder.assetcatalog; name = Images.xcassets; path = CarbonKitExamples/Images.xcassets; sourceTree = SOURCE_ROOT; };
		A69E9F741AC0AAF5001FEAC1 /* Base */ = {isa = PBXFileReference; lastKnownFileType = file.storyboard; name = Base; path = Example.storyboard; sourceTree = "<group>"; };
		A6DA8C141DB004D700F7B13B /* CarbonKit.xcodeproj */ = {isa = PBXFileReference; lastKnownFileType = "wrapper.pb-project"; name = CarbonKit.xcodeproj; path = ../../CarbonKit.xcodeproj; sourceTree = "<group>"; };
/* End PBXFileReference section */

/* Begin PBXFrameworksBuildPhase section */
		A60473651A87AFCA00FCE808 /* Frameworks */ = {
			isa = PBXFrameworksBuildPhase;
			buildActionMask = 2147483647;
			files = (
				A6601EB11F8E877300258BA5 /* CarbonKit.framework in Frameworks */,
			);
			runOnlyForDeploymentPostprocessing = 0;
		};
/* End PBXFrameworksBuildPhase section */

/* Begin PBXGroup section */
		56DCFD691C05925C00B9E2F5 /* Resources */ = {
			isa = PBXGroup;
			children = (
				A69E9F6E1AC0AAEA001FEAC1 /* Images.xcassets */,
			);
			name = Resources;
			sourceTree = "<group>";
		};
		A604735F1A87AFCA00FCE808 = {
			isa = PBXGroup;
			children = (
				A6DA8C141DB004D700F7B13B /* CarbonKit.xcodeproj */,
				A604736A1A87AFCA00FCE808 /* CarbonKitExample */,
				56DCFD691C05925C00B9E2F5 /* Resources */,
				A604736B1A87AFCA00FCE808 /* Supporting Files */,
				A60473691A87AFCA00FCE808 /* Products */,
			);
			sourceTree = "<group>";
			usesTabs = 1;
			wrapsLines = 0;
		};
		A60473691A87AFCA00FCE808 /* Products */ = {
			isa = PBXGroup;
			children = (
				A60473681A87AFCA00FCE808 /* CarbonKitExample.app */,
			);
			name = Products;
			sourceTree = "<group>";
		};
		A604736A1A87AFCA00FCE808 /* CarbonKitExample */ = {
			isa = PBXGroup;
			children = (
				A69E9F5E1AC0AAD6001FEAC1 /* AppDelegate.h */,
				A69E9F5F1AC0AAD6001FEAC1 /* AppDelegate.m */,
				A69E9F601AC0AAD6001FEAC1 /* ViewControllerOne.h */,
				A69E9F611AC0AAD6001FEAC1 /* ViewControllerOne.m */,
				A69E9F631AC0AAD6001FEAC1 /* ViewControllerTwo.h */,
				A69E9F641AC0AAD6001FEAC1 /* ViewControllerTwo.m */,
				A64B48DC1AD2E4F10053D488 /* ViewControllerThree.h */,
				A64B48DD1AD2E4F10053D488 /* ViewControllerThree.m */,
				A69E9F651AC0AAD6001FEAC1 /* HomeViewController.h */,
				A69E9F661AC0AAD6001FEAC1 /* HomeViewController.m */,
				A69E9F701AC0AAF5001FEAC1 /* Base.lproj */,
			);
			indentWidth = 8;
			name = CarbonKitExample;
			sourceTree = "<group>";
			tabWidth = 8;
		};
		A604736B1A87AFCA00FCE808 /* Supporting Files */ = {
			isa = PBXGroup;
			children = (
				A69E9F6C1AC0AAE3001FEAC1 /* Info.plist */,
				A69E9F621AC0AAD6001FEAC1 /* main.m */,
				A62FAC851F6BFACF0076040C /* Launch Screen.storyboard */,
			);
			name = "Supporting Files";
			sourceTree = "<group>";
		};
		A69E9F701AC0AAF5001FEAC1 /* Base.lproj */ = {
			isa = PBXGroup;
			children = (
				A69E9F731AC0AAF5001FEAC1 /* Example.storyboard */,
			);
			name = Base.lproj;
			path = CarbonKitExamples/Base.lproj;
			sourceTree = SOURCE_ROOT;
		};
		A6AC909D1F87957E00F1736A /* Products */ = {
			isa = PBXGroup;
			children = (
				A6AC90A21F87957E00F1736A /* CarbonKit.framework */,
				A6AC90A41F87957E00F1736A /* CarbonKitTests.xctest */,
			);
			name = Products;
			sourceTree = "<group>";
		};
/* End PBXGroup section */

/* Begin PBXNativeTarget section */
		A60473671A87AFCA00FCE808 /* CarbonKitExample */ = {
			isa = PBXNativeTarget;
			buildConfigurationList = A604738E1A87AFCB00FCE808 /* Build configuration list for PBXNativeTarget "CarbonKitExample" */;
			buildPhases = (
				A60473641A87AFCA00FCE808 /* Sources */,
				A60473651A87AFCA00FCE808 /* Frameworks */,
				A60473661A87AFCA00FCE808 /* Resources */,
				A6DA8C0E1DAFF89E00F7B13B /* Embed Frameworks */,
			);
			buildRules = (
			);
			dependencies = (
				A6601EB41F8E877300258BA5 /* PBXTargetDependency */,
			);
			name = CarbonKitExample;
			productName = "Test 2";
			productReference = A60473681A87AFCA00FCE808 /* CarbonKitExample.app */;
			productType = "com.apple.product-type.application";
		};
/* End PBXNativeTarget section */

/* Begin PBXProject section */
		A60473601A87AFCA00FCE808 /* Project object */ = {
			isa = PBXProject;
			attributes = {
				LastUpgradeCheck = 0900;
				ORGANIZATIONNAME = "Ermal Kaleci";
				TargetAttributes = {
					A60473671A87AFCA00FCE808 = {
						CreatedOnToolsVersion = 6.1.1;
						DevelopmentTeam = WSDWDF57D2;
					};
				};
			};
			buildConfigurationList = A60473631A87AFCA00FCE808 /* Build configuration list for PBXProject "CarbonKitExamples" */;
			compatibilityVersion = "Xcode 3.2";
			developmentRegion = English;
			hasScannedForEncodings = 0;
			knownRegions = (
				en,
				Base,
			);
			mainGroup = A604735F1A87AFCA00FCE808;
			productRefGroup = A60473691A87AFCA00FCE808 /* Products */;
			projectDirPath = "";
			projectReferences = (
				{
					ProductGroup = A6AC909D1F87957E00F1736A /* Products */;
					ProjectRef = A6DA8C141DB004D700F7B13B /* CarbonKit.xcodeproj */;
				},
			);
			projectRoot = "";
			targets = (
				A60473671A87AFCA00FCE808 /* CarbonKitExample */,
			);
		};
/* End PBXProject section */

/* Begin PBXReferenceProxy section */
		A6AC90A21F87957E00F1736A /* CarbonKit.framework */ = {
			isa = PBXReferenceProxy;
			fileType = wrapper.framework;
			path = CarbonKit.framework;
			remoteRef = A6AC90A11F87957E00F1736A /* PBXContainerItemProxy */;
			sourceTree = BUILT_PRODUCTS_DIR;
		};
		A6AC90A41F87957E00F1736A /* CarbonKitTests.xctest */ = {
			isa = PBXReferenceProxy;
			fileType = wrapper.cfbundle;
			path = CarbonKitTests.xctest;
			remoteRef = A6AC90A31F87957E00F1736A /* PBXContainerItemProxy */;
			sourceTree = BUILT_PRODUCTS_DIR;
		};
/* End PBXReferenceProxy section */

/* Begin PBXResourcesBuildPhase section */
		A60473661A87AFCA00FCE808 /* Resources */ = {
			isa = PBXResourcesBuildPhase;
			buildActionMask = 2147483647;
			files = (
				A69E9F841AC0AD21001FEAC1 /* Example.storyboard in Resources */,
				A62FAC861F6BFACF0076040C /* Launch Screen.storyboard in Resources */,
				A69E9F6F1AC0AAEA001FEAC1 /* Images.xcassets in Resources */,
			);
			runOnlyForDeploymentPostprocessing = 0;
		};
/* End PBXResourcesBuildPhase section */

/* Begin PBXSourcesBuildPhase section */
		A60473641A87AFCA00FCE808 /* Sources */ = {
			isa = PBXSourcesBuildPhase;
			buildActionMask = 2147483647;
			files = (
				A69E9F6B1AC0AAD6001FEAC1 /* HomeViewController.m in Sources */,
				A69E9F671AC0AAD6001FEAC1 /* AppDelegate.m in Sources */,
				A69E9F691AC0AAD6001FEAC1 /* main.m in Sources */,
				A69E9F681AC0AAD6001FEAC1 /* ViewControllerOne.m in Sources */,
				A64B48DE1AD2E4F10053D488 /* ViewControllerThree.m in Sources */,
				A69E9F6A1AC0AAD6001FEAC1 /* ViewControllerTwo.m in Sources */,
			);
			runOnlyForDeploymentPostprocessing = 0;
		};
/* End PBXSourcesBuildPhase section */

/* Begin PBXTargetDependency section */
		A6601EB41F8E877300258BA5 /* PBXTargetDependency */ = {
			isa = PBXTargetDependency;
			name = CarbonKit;
			targetProxy = A6601EB31F8E877300258BA5 /* PBXContainerItemProxy */;
		};
/* End PBXTargetDependency section */

/* Begin PBXVariantGroup section */
		A69E9F731AC0AAF5001FEAC1 /* Example.storyboard */ = {
			isa = PBXVariantGroup;
			children = (
				A69E9F741AC0AAF5001FEAC1 /* Base */,
			);
			name = Example.storyboard;
			sourceTree = "<group>";
		};
/* End PBXVariantGroup section */

/* Begin XCBuildConfiguration section */
		A604738C1A87AFCB00FCE808 /* Debug */ = {
			isa = XCBuildConfiguration;
			buildSettings = {
				ALWAYS_SEARCH_USER_PATHS = NO;
				CLANG_CXX_LANGUAGE_STANDARD = "gnu++0x";
				CLANG_CXX_LIBRARY = "libc++";
				CLANG_ENABLE_MODULES = YES;
				CLANG_ENABLE_OBJC_ARC = YES;
				CLANG_WARN_BLOCK_CAPTURE_AUTORELEASING = YES;
				CLANG_WARN_BOOL_CONVERSION = YES;
				CLANG_WARN_COMMA = YES;
				CLANG_WARN_CONSTANT_CONVERSION = YES;
				CLANG_WARN_DIRECT_OBJC_ISA_USAGE = YES_ERROR;
				CLANG_WARN_EMPTY_BODY = YES;
				CLANG_WARN_ENUM_CONVERSION = YES;
				CLANG_WARN_INFINITE_RECURSION = YES;
				CLANG_WARN_INT_CONVERSION = YES;
				CLANG_WARN_NON_LITERAL_NULL_CONVERSION = YES;
				CLANG_WARN_OBJC_LITERAL_CONVERSION = YES;
				CLANG_WARN_OBJC_ROOT_CLASS = YES_ERROR;
				CLANG_WARN_RANGE_LOOP_ANALYSIS = YES;
				CLANG_WARN_STRICT_PROTOTYPES = YES;
				CLANG_WARN_SUSPICIOUS_MOVE = YES;
				CLANG_WARN_UNREACHABLE_CODE = YES;
				CLANG_WARN__DUPLICATE_METHOD_MATCH = YES;
				"CODE_SIGN_IDENTITY[sdk=iphoneos*]" = "iPhone Developer";
				COPY_PHASE_STRIP = NO;
				ENABLE_STRICT_OBJC_MSGSEND = YES;
				ENABLE_TESTABILITY = YES;
				GCC_C_LANGUAGE_STANDARD = gnu99;
				GCC_DYNAMIC_NO_PIC = NO;
				GCC_NO_COMMON_BLOCKS = YES;
				GCC_OPTIMIZATION_LEVEL = 0;
				GCC_PREPROCESSOR_DEFINITIONS = (
					"DEBUG=1",
					"$(inherited)",
				);
				GCC_SYMBOLS_PRIVATE_EXTERN = NO;
				GCC_WARN_64_TO_32_BIT_CONVERSION = YES;
				GCC_WARN_ABOUT_RETURN_TYPE = YES_ERROR;
				GCC_WARN_UNDECLARED_SELECTOR = YES;
				GCC_WARN_UNINITIALIZED_AUTOS = YES_AGGRESSIVE;
				GCC_WARN_UNUSED_FUNCTION = YES;
				GCC_WARN_UNUSED_VARIABLE = YES;
				IPHONEOS_DEPLOYMENT_TARGET = 8.0;
				MTL_ENABLE_DEBUG_INFO = YES;
				ONLY_ACTIVE_ARCH = YES;
				SDKROOT = iphoneos;
				TARGETED_DEVICE_FAMILY = "1,2";
			};
			name = Debug;
		};
		A604738D1A87AFCB00FCE808 /* Release */ = {
			isa = XCBuildConfiguration;
			buildSettings = {
				ALWAYS_SEARCH_USER_PATHS = NO;
				CLANG_CXX_LANGUAGE_STANDARD = "gnu++0x";
				CLANG_CXX_LIBRARY = "libc++";
				CLANG_ENABLE_MODULES = YES;
				CLANG_ENABLE_OBJC_ARC = YES;
				CLANG_WARN_BLOCK_CAPTURE_AUTORELEASING = YES;
				CLANG_WARN_BOOL_CONVERSION = YES;
				CLANG_WARN_COMMA = YES;
				CLANG_WARN_CONSTANT_CONVERSION = YES;
				CLANG_WARN_DIRECT_OBJC_ISA_USAGE = YES_ERROR;
				CLANG_WARN_EMPTY_BODY = YES;
				CLANG_WARN_ENUM_CONVERSION = YES;
				CLANG_WARN_INFINITE_RECURSION = YES;
				CLANG_WARN_INT_CONVERSION = YES;
				CLANG_WARN_NON_LITERAL_NULL_CONVERSION = YES;
				CLANG_WARN_OBJC_LITERAL_CONVERSION = YES;
				CLANG_WARN_OBJC_ROOT_CLASS = YES_ERROR;
				CLANG_WARN_RANGE_LOOP_ANALYSIS = YES;
				CLANG_WARN_STRICT_PROTOTYPES = YES;
				CLANG_WARN_SUSPICIOUS_MOVE = YES;
				CLANG_WARN_UNREACHABLE_CODE = YES;
				CLANG_WARN__DUPLICATE_METHOD_MATCH = YES;
				"CODE_SIGN_IDENTITY[sdk=iphoneos*]" = "iPhone Developer";
				COPY_PHASE_STRIP = YES;
				ENABLE_NS_ASSERTIONS = NO;
				ENABLE_STRICT_OBJC_MSGSEND = YES;
				GCC_C_LANGUAGE_STANDARD = gnu99;
				GCC_NO_COMMON_BLOCKS = YES;
				GCC_WARN_64_TO_32_BIT_CONVERSION = YES;
				GCC_WARN_ABOUT_RETURN_TYPE = YES_ERROR;
				GCC_WARN_UNDECLARED_SELECTOR = YES;
				GCC_WARN_UNINITIALIZED_AUTOS = YES_AGGRESSIVE;
				GCC_WARN_UNUSED_FUNCTION = YES;
				GCC_WARN_UNUSED_VARIABLE = YES;
				IPHONEOS_DEPLOYMENT_TARGET = 8.0;
				MTL_ENABLE_DEBUG_INFO = NO;
				SDKROOT = iphoneos;
				TARGETED_DEVICE_FAMILY = "1,2";
				VALIDATE_PRODUCT = YES;
			};
			name = Release;
		};
		A604738F1A87AFCB00FCE808 /* Debug */ = {
			isa = XCBuildConfiguration;
			buildSettings = {
				ASSETCATALOG_COMPILER_APPICON_NAME = AppIcon;
				CODE_SIGN_IDENTITY = "iPhone Developer";
				"CODE_SIGN_IDENTITY[sdk=iphoneos*]" = "iPhone Developer";
				DEVELOPMENT_TEAM = WSDWDF57D2;
				INFOPLIST_FILE = CarbonKitExamples/Info.plist;
				LD_RUNPATH_SEARCH_PATHS = "$(inherited) @executable_path/Frameworks";
				OTHER_LDFLAGS = "";
				PRODUCT_BUNDLE_IDENTIFIER = com.ermalkaleci.CarbonKitExample1;
				PRODUCT_NAME = "$(TARGET_NAME)";
				PROVISIONING_PROFILE = "";
				TARGETED_DEVICE_FAMILY = "1,2";
			};
			name = Debug;
		};
		A60473901A87AFCB00FCE808 /* Release */ = {
			isa = XCBuildConfiguration;
			buildSettings = {
				ASSETCATALOG_COMPILER_APPICON_NAME = AppIcon;
				CODE_SIGN_IDENTITY = "iPhone Developer";
				"CODE_SIGN_IDENTITY[sdk=iphoneos*]" = "iPhone Developer";
				DEVELOPMENT_TEAM = WSDWDF57D2;
				INFOPLIST_FILE = CarbonKitExamples/Info.plist;
				LD_RUNPATH_SEARCH_PATHS = "$(inherited) @executable_path/Frameworks";
				OTHER_LDFLAGS = "";
				PRODUCT_BUNDLE_IDENTIFIER = com.ermalkaleci.CarbonKitExample1;
				PRODUCT_NAME = "$(TARGET_NAME)";
				PROVISIONING_PROFILE = "";
				TARGETED_DEVICE_FAMILY = "1,2";
			};
			name = Release;
		};
/* End XCBuildConfiguration section */

/* Begin XCConfigurationList section */
		A60473631A87AFCA00FCE808 /* Build configuration list for PBXProject "CarbonKitExamples" */ = {
			isa = XCConfigurationList;
			buildConfigurations = (
				A604738C1A87AFCB00FCE808 /* Debug */,
				A604738D1A87AFCB00FCE808 /* Release */,
			);
			defaultConfigurationIsVisible = 0;
			defaultConfigurationName = Release;
		};
		A604738E1A87AFCB00FCE808 /* Build configuration list for PBXNativeTarget "CarbonKitExample" */ = {
			isa = XCConfigurationList;
			buildConfigurations = (
				A604738F1A87AFCB00FCE808 /* Debug */,
				A60473901A87AFCB00FCE808 /* Release */,
			);
			defaultConfigurationIsVisible = 0;
			defaultConfigurationName = Release;
		};
/* End XCConfigurationList section */
	};
	rootObject = A60473601A87AFCA00FCE808 /* Project object */;
}
